# This file is automatically @generated by Cargo.
# It is not intended for manual editing.
version = 4

[[package]]
name = "slop-app"
version = "0.0.0"
dependencies = [
 "slop-core",
 "slop-math",
 "slop-rhi",
]

[[package]]
name = "slop-core"
version = "0.0.0"

[[package]]
name = "slop-math"
version = "0.0.0"

[[package]]
name = "slop-rhi"
version = "0.0.0"
